
Microsoft Visual Studio Solution File, Format Version 12.00
# Visual Studio 15
VisualStudioVersion = 15.0.28010.2003
MinimumVisualStudioVersion = 10.0.40219.1
Project("{FAE04EC0-301F-11D3-BF4B-00C04F79EFBC}") = "Pingtimeout.Web", "Pingtimeout.Web\Pingtimeout.Web.csproj", "{C7A99CEE-C03A-49A7-A5B9-9AD900049F63}"
EndProject
Global
	GlobalSection(SolutionConfigurationPlatforms) = preSolution
		Debug|Any CPU = Debug|Any CPU
		Release|Any CPU = Release|Any CPU
	EndGlobalSection
	GlobalSection(ProjectConfigurationPlatforms) = postSolution
		{C7A99CEE-C03A-49A7-A5B9-9AD900049F63}.Debug|Any CPU.ActiveCfg = Debug|Any CPU
		{C7A99CEE-C03A-49A7-A5B9-9AD900049F63}.Debug|Any CPU.Build.0 = Debug|Any CPU
		{C7A99CEE-C03A-49A7-A5B9-9AD900049F63}.Release|Any CPU.ActiveCfg = Release|Any CPU
		{C7A99CEE-C03A-49A7-A5B9-9AD900049F63}.Release|Any CPU.Build.0 = Release|Any CPU
	EndGlobalSection
	GlobalSection(SolutionProperties) = preSolution
		HideSolutionNode = FALSE
	EndGlobalSection
	GlobalSection(ExtensibilityGlobals) = postSolution
		SolutionGuid = {73D05D30-EAA7-40FE-8BAA-351CE79BD49A}
	EndGlobalSection
EndGlobal
